
Microsoft Visual Studio Solution File, Format Version 12.00
# Visual Studio Version 16
VisualStudioVersion = 16.0.31729.503
MinimumVisualStudioVersion = 10.0.40219.1
Project("{FAE04EC0-301F-11D3-BF4B-00C04F79EFBC}") = "Black Jack", "Black Jack.csproj", "{89524610-FF93-45EE-85EC-31BBF50840FC}"
EndProject
Project("{FAE04EC0-301F-11D3-BF4B-00C04F79EFBC}") = "Casino", "..\Casino\Casino.csproj", "{CEF8C770-75A6-41EC-BC84-C69900CCC6D3}"
EndProject
Global
	GlobalSection(SolutionConfigurationPlatforms) = preSolution
		Debug|Any CPU = Debug|Any CPU
		Release|Any CPU = Release|Any CPU
	EndGlobalSection
	GlobalSection(ProjectConfigurationPlatforms) = postSolution
		{89524610-FF93-45EE-85EC-31BBF50840FC}.Debug|Any CPU.ActiveCfg = Debug|Any CPU
		{89524610-FF93-45EE-85EC-31BBF50840FC}.Debug|Any CPU.Build.0 = Debug|Any CPU
		{89524610-FF93-45EE-85EC-31BBF50840FC}.Release|Any CPU.ActiveCfg = Release|Any CPU
		{89524610-FF93-45EE-85EC-31BBF50840FC}.Release|Any CPU.Build.0 = Release|Any CPU
		{CEF8C770-75A6-41EC-BC84-C69900CCC6D3}.Debug|Any CPU.ActiveCfg = Debug|Any CPU
		{CEF8C770-75A6-41EC-BC84-C69900CCC6D3}.Debug|Any CPU.Build.0 = Debug|Any CPU
		{CEF8C770-75A6-41EC-BC84-C69900CCC6D3}.Release|Any CPU.ActiveCfg = Release|Any CPU
		{CEF8C770-75A6-41EC-BC84-C69900CCC6D3}.Release|Any CPU.Build.0 = Release|Any CPU
	EndGlobalSection
	GlobalSection(SolutionProperties) = preSolution
		HideSolutionNode = FALSE
	EndGlobalSection
	GlobalSection(ExtensibilityGlobals) = postSolution
		SolutionGuid = {D84EBD7E-3D88-49B3-8B8D-0088AD908346}
	EndGlobalSection
EndGlobal
